
Microsoft Visual Studio Solution File, Format Version 12.00
# Visual Studio Version 17
VisualStudioVersion = 17.4.33103.184
MinimumVisualStudioVersion = 10.0.40219.1
Project("{2150E333-8FDC-42A3-9474-1A3956D46DE8}") = "ClientService", "ClientService", "{F79CCFD6-398F-44A3-ACAA-D48725DD3394}"
EndProject
Project("{9A19103F-16F7-4668-BE54-9A1E7A4F7556}") = "ClientService.API", "ClientService\ClientService.API\ClientService.API.csproj", "{2DD6B04F-D46B-40D7-8995-35ECB6740A20}"
EndProject
Project("{9A19103F-16F7-4668-BE54-9A1E7A4F7556}") = "ClientService.Application", "ClientService\ClientService.Application\ClientService.Application.csproj", "{EFA3E771-7703-4421-AB04-6EF658EC237F}"
EndProject
Project("{9A19103F-16F7-4668-BE54-9A1E7A4F7556}") = "ClientService.Infrastructure", "ClientService\ClientService.Infrastructure\ClientService.Infrastructure.csproj", "{1578FE72-0266-4C47-8CBF-17443A9AB67E}"
EndProject
Project("{9A19103F-16F7-4668-BE54-9A1E7A4F7556}") = "ClientService.Domain", "ClientService\ClientService.Domain\ClientService.Domain.csproj", "{0DBE98D6-19C3-43FB-9AEF-D3D518F118FF}"
EndProject
Project("{2150E333-8FDC-42A3-9474-1A3956D46DE8}") = "NotificationService", "NotificationService", "{CEFB99CE-D325-43A5-9DE8-75D2224B4165}"
EndProject
Project("{FAE04EC0-301F-11D3-BF4B-00C04F79EFBC}") = "NotificationService.Application", "NotificationService\NotificationService.Application\NotificationService.Application.csproj", "{1639219B-92B5-43CE-BE75-7E753B289508}"
EndProject
Global
	GlobalSection(SolutionConfigurationPlatforms) = preSolution
		Debug|Any CPU = Debug|Any CPU
		Release|Any CPU = Release|Any CPU
	EndGlobalSection
	GlobalSection(ProjectConfigurationPlatforms) = postSolution
		{2DD6B04F-D46B-40D7-8995-35ECB6740A20}.Debug|Any CPU.ActiveCfg = Debug|Any CPU
		{2DD6B04F-D46B-40D7-8995-35ECB6740A20}.Debug|Any CPU.Build.0 = Debug|Any CPU
		{2DD6B04F-D46B-40D7-8995-35ECB6740A20}.Release|Any CPU.ActiveCfg = Release|Any CPU
		{2DD6B04F-D46B-40D7-8995-35ECB6740A20}.Release|Any CPU.Build.0 = Release|Any CPU
		{EFA3E771-7703-4421-AB04-6EF658EC237F}.Debug|Any CPU.ActiveCfg = Debug|Any CPU
		{EFA3E771-7703-4421-AB04-6EF658EC237F}.Debug|Any CPU.Build.0 = Debug|Any CPU
		{EFA3E771-7703-4421-AB04-6EF658EC237F}.Release|Any CPU.ActiveCfg = Release|Any CPU
		{EFA3E771-7703-4421-AB04-6EF658EC237F}.Release|Any CPU.Build.0 = Release|Any CPU
		{1578FE72-0266-4C47-8CBF-17443A9AB67E}.Debug|Any CPU.ActiveCfg = Debug|Any CPU
		{1578FE72-0266-4C47-8CBF-17443A9AB67E}.Debug|Any CPU.Build.0 = Debug|Any CPU
		{1578FE72-0266-4C47-8CBF-17443A9AB67E}.Release|Any CPU.ActiveCfg = Release|Any CPU
		{1578FE72-0266-4C47-8CBF-17443A9AB67E}.Release|Any CPU.Build.0 = Release|Any CPU
		{0DBE98D6-19C3-43FB-9AEF-D3D518F118FF}.Debug|Any CPU.ActiveCfg = Debug|Any CPU
		{0DBE98D6-19C3-43FB-9AEF-D3D518F118FF}.Debug|Any CPU.Build.0 = Debug|Any CPU
		{0DBE98D6-19C3-43FB-9AEF-D3D518F118FF}.Release|Any CPU.ActiveCfg = Release|Any CPU
		{0DBE98D6-19C3-43FB-9AEF-D3D518F118FF}.Release|Any CPU.Build.0 = Release|Any CPU
		{1639219B-92B5-43CE-BE75-7E753B289508}.Debug|Any CPU.ActiveCfg = Debug|Any CPU
		{1639219B-92B5-43CE-BE75-7E753B289508}.Debug|Any CPU.Build.0 = Debug|Any CPU
		{1639219B-92B5-43CE-BE75-7E753B289508}.Release|Any CPU.ActiveCfg = Release|Any CPU
		{1639219B-92B5-43CE-BE75-7E753B289508}.Release|Any CPU.Build.0 = Release|Any CPU
	EndGlobalSection
	GlobalSection(SolutionProperties) = preSolution
		HideSolutionNode = FALSE
	EndGlobalSection
	GlobalSection(NestedProjects) = preSolution
		{2DD6B04F-D46B-40D7-8995-35ECB6740A20} = {F79CCFD6-398F-44A3-ACAA-D48725DD3394}
		{EFA3E771-7703-4421-AB04-6EF658EC237F} = {F79CCFD6-398F-44A3-ACAA-D48725DD3394}
		{1578FE72-0266-4C47-8CBF-17443A9AB67E} = {F79CCFD6-398F-44A3-ACAA-D48725DD3394}
		{0DBE98D6-19C3-43FB-9AEF-D3D518F118FF} = {F79CCFD6-398F-44A3-ACAA-D48725DD3394}
		{1639219B-92B5-43CE-BE75-7E753B289508} = {CEFB99CE-D325-43A5-9DE8-75D2224B4165}
	EndGlobalSection
	GlobalSection(ExtensibilityGlobals) = postSolution
		SolutionGuid = {677DDB5D-907A-41D3-967A-69033D47B1AD}
	EndGlobalSection
EndGlobal
